
Microsoft Visual Studio Solution File, Format Version 12.00
# Visual Studio Version 17
VisualStudioVersion = 17.5.33502.453
MinimumVisualStudioVersion = 10.0.40219.1
Project("{9A19103F-16F7-4668-BE54-9A1E7A4F7556}") = "Web", "src\Web.csproj", "{9F4E653B-EF46-4224-99EC-A85E3031EC9A}"
EndProject
Project("{2150E333-8FDC-42A3-9474-1A3956D46DE8}") = "Solution Items", "Solution Items", "{68D67FA6-6D0B-4D59-9C72-497877738F5B}"
	ProjectSection(SolutionItems) = preProject
		README.md = README.md
	EndProjectSection
EndProject
Global
	GlobalSection(SolutionConfigurationPlatforms) = preSolution
		Debug|Any CPU = Debug|Any CPU
		Release|Any CPU = Release|Any CPU
	EndGlobalSection
	GlobalSection(ProjectConfigurationPlatforms) = postSolution
		{9F4E653B-EF46-4224-99EC-A85E3031EC9A}.Debug|Any CPU.ActiveCfg = Debug|Any CPU
		{9F4E653B-EF46-4224-99EC-A85E3031EC9A}.Debug|Any CPU.Build.0 = Debug|Any CPU
		{9F4E653B-EF46-4224-99EC-A85E3031EC9A}.Release|Any CPU.ActiveCfg = Release|Any CPU
		{9F4E653B-EF46-4224-99EC-A85E3031EC9A}.Release|Any CPU.Build.0 = Release|Any CPU
	EndGlobalSection
	GlobalSection(SolutionProperties) = preSolution
		HideSolutionNode = FALSE
	EndGlobalSection
	GlobalSection(ExtensibilityGlobals) = postSolution
		SolutionGuid = {120F73DD-8934-4BD8-BF2C-87875200C4B6}
	EndGlobalSection
EndGlobal
